
Microsoft Visual Studio Solution File, Format Version 12.00
# Visual Studio Version 17
VisualStudioVersion = 17.9.34728.123
MinimumVisualStudioVersion = 10.0.40219.1
Project("{FAE04EC0-301F-11D3-BF4B-00C04F79EFBC}") = "CleanArchitecture.API", "CleanArchitecture.API\CleanArchitecture.API.csproj", "{93F98C32-AE2E-4978-98D9-5F7F10D21801}"
EndProject
Project("{FAE04EC0-301F-11D3-BF4B-00C04F79EFBC}") = "CleanArchitecture.Core", "CleanArchitecture.Core\CleanArchitecture.Core.csproj", "{C1D53A38-7F7B-4C37-8B0D-E53F5228C531}"
EndProject
Project("{FAE04EC0-301F-11D3-BF4B-00C04F79EFBC}") = "CleanArchitecture.Infrastructure", "CleanArchitecture.Infrastructure\CleanArchitecture.Infrastructure.csproj", "{02CDB75A-6BF0-4762-B0B1-D10F590F1EEC}"
EndProject
Global
	GlobalSection(SolutionConfigurationPlatforms) = preSolution
		Debug|Any CPU = Debug|Any CPU
		Release|Any CPU = Release|Any CPU
	EndGlobalSection
	GlobalSection(ProjectConfigurationPlatforms) = postSolution
		{93F98C32-AE2E-4978-98D9-5F7F10D21801}.Debug|Any CPU.ActiveCfg = Debug|Any CPU
		{93F98C32-AE2E-4978-98D9-5F7F10D21801}.Debug|Any CPU.Build.0 = Debug|Any CPU
		{93F98C32-AE2E-4978-98D9-5F7F10D21801}.Release|Any CPU.ActiveCfg = Release|Any CPU
		{93F98C32-AE2E-4978-98D9-5F7F10D21801}.Release|Any CPU.Build.0 = Release|Any CPU
		{C1D53A38-7F7B-4C37-8B0D-E53F5228C531}.Debug|Any CPU.ActiveCfg = Debug|Any CPU
		{C1D53A38-7F7B-4C37-8B0D-E53F5228C531}.Debug|Any CPU.Build.0 = Debug|Any CPU
		{C1D53A38-7F7B-4C37-8B0D-E53F5228C531}.Release|Any CPU.ActiveCfg = Release|Any CPU
		{C1D53A38-7F7B-4C37-8B0D-E53F5228C531}.Release|Any CPU.Build.0 = Release|Any CPU
		{02CDB75A-6BF0-4762-B0B1-D10F590F1EEC}.Debug|Any CPU.ActiveCfg = Debug|Any CPU
		{02CDB75A-6BF0-4762-B0B1-D10F590F1EEC}.Debug|Any CPU.Build.0 = Debug|Any CPU
		{02CDB75A-6BF0-4762-B0B1-D10F590F1EEC}.Release|Any CPU.ActiveCfg = Release|Any CPU
		{02CDB75A-6BF0-4762-B0B1-D10F590F1EEC}.Release|Any CPU.Build.0 = Release|Any CPU
	EndGlobalSection
	GlobalSection(SolutionProperties) = preSolution
		HideSolutionNode = FALSE
	EndGlobalSection
	GlobalSection(ExtensibilityGlobals) = postSolution
		SolutionGuid = {F7A00EBB-C3A0-4F4B-8BB1-3935766CB62E}
	EndGlobalSection
EndGlobal
